
Microsoft Visual Studio Solution File, Format Version 12.00
# Visual Studio Version 16
VisualStudioVersion = 16.0.29920.165
MinimumVisualStudioVersion = 10.0.40219.1
Project("{FAE04EC0-301F-11D3-BF4B-00C04F79EFBC}") = "UI.Desktop", "UI.Desktop\UI.Desktop.csproj", "{78192BED-9747-4BB6-872B-93453C971097}"
EndProject
Project("{FAE04EC0-301F-11D3-BF4B-00C04F79EFBC}") = "Util", "Util\Util.csproj", "{844979D0-5AF2-455B-ADF9-6357C4B37B75}"
EndProject
Project("{FAE04EC0-301F-11D3-BF4B-00C04F79EFBC}") = "Business.Entities", "Business.Entities\Business.Entities.csproj", "{ABC017D7-CDAC-4CCD-A56E-F6EEE1D11F80}"
EndProject
Project("{FAE04EC0-301F-11D3-BF4B-00C04F79EFBC}") = "Data.Database", "Data.Database\Data.Database\Data.Database.csproj", "{18D1C50F-58E0-4D94-B05B-4A95A146E6BB}"
EndProject
Project("{FAE04EC0-301F-11D3-BF4B-00C04F79EFBC}") = "UI.Consola", "UI.Consola\UI.Consola.csproj", "{0B7A2991-44B2-4FAB-B1B9-CC7BF0219A7C}"
EndProject
Project("{FAE04EC0-301F-11D3-BF4B-00C04F79EFBC}") = "Business.Logic", "Business.Logic\Business.Logic.csproj", "{5AE199B1-3319-4FA2-B479-542398581972}"
EndProject
Project("{FAE04EC0-301F-11D3-BF4B-00C04F79EFBC}") = "UI.Web", "UI.Web\UI.Web.csproj", "{3AA1A9D1-A93A-49E7-A042-125CD41E82D0}"
EndProject
Global
	GlobalSection(SolutionConfigurationPlatforms) = preSolution
		Debug|Any CPU = Debug|Any CPU
		Release|Any CPU = Release|Any CPU
	EndGlobalSection
	GlobalSection(ProjectConfigurationPlatforms) = postSolution
		{78192BED-9747-4BB6-872B-93453C971097}.Debug|Any CPU.ActiveCfg = Debug|Any CPU
		{78192BED-9747-4BB6-872B-93453C971097}.Debug|Any CPU.Build.0 = Debug|Any CPU
		{78192BED-9747-4BB6-872B-93453C971097}.Release|Any CPU.ActiveCfg = Release|Any CPU
		{78192BED-9747-4BB6-872B-93453C971097}.Release|Any CPU.Build.0 = Release|Any CPU
		{844979D0-5AF2-455B-ADF9-6357C4B37B75}.Debug|Any CPU.ActiveCfg = Debug|Any CPU
		{844979D0-5AF2-455B-ADF9-6357C4B37B75}.Debug|Any CPU.Build.0 = Debug|Any CPU
		{844979D0-5AF2-455B-ADF9-6357C4B37B75}.Release|Any CPU.ActiveCfg = Release|Any CPU
		{844979D0-5AF2-455B-ADF9-6357C4B37B75}.Release|Any CPU.Build.0 = Release|Any CPU
		{ABC017D7-CDAC-4CCD-A56E-F6EEE1D11F80}.Debug|Any CPU.ActiveCfg = Debug|Any CPU
		{ABC017D7-CDAC-4CCD-A56E-F6EEE1D11F80}.Debug|Any CPU.Build.0 = Debug|Any CPU
		{ABC017D7-CDAC-4CCD-A56E-F6EEE1D11F80}.Release|Any CPU.ActiveCfg = Release|Any CPU
		{ABC017D7-CDAC-4CCD-A56E-F6EEE1D11F80}.Release|Any CPU.Build.0 = Release|Any CPU
		{18D1C50F-58E0-4D94-B05B-4A95A146E6BB}.Debug|Any CPU.ActiveCfg = Debug|Any CPU
		{18D1C50F-58E0-4D94-B05B-4A95A146E6BB}.Debug|Any CPU.Build.0 = Debug|Any CPU
		{18D1C50F-58E0-4D94-B05B-4A95A146E6BB}.Release|Any CPU.ActiveCfg = Release|Any CPU
		{18D1C50F-58E0-4D94-B05B-4A95A146E6BB}.Release|Any CPU.Build.0 = Release|Any CPU
		{0B7A2991-44B2-4FAB-B1B9-CC7BF0219A7C}.Debug|Any CPU.ActiveCfg = Debug|Any CPU
		{0B7A2991-44B2-4FAB-B1B9-CC7BF0219A7C}.Debug|Any CPU.Build.0 = Debug|Any CPU
		{0B7A2991-44B2-4FAB-B1B9-CC7BF0219A7C}.Release|Any CPU.ActiveCfg = Release|Any CPU
		{0B7A2991-44B2-4FAB-B1B9-CC7BF0219A7C}.Release|Any CPU.Build.0 = Release|Any CPU
		{5AE199B1-3319-4FA2-B479-542398581972}.Debug|Any CPU.ActiveCfg = Debug|Any CPU
		{5AE199B1-3319-4FA2-B479-542398581972}.Debug|Any CPU.Build.0 = Debug|Any CPU
		{5AE199B1-3319-4FA2-B479-542398581972}.Release|Any CPU.ActiveCfg = Release|Any CPU
		{5AE199B1-3319-4FA2-B479-542398581972}.Release|Any CPU.Build.0 = Release|Any CPU
		{3AA1A9D1-A93A-49E7-A042-125CD41E82D0}.Debug|Any CPU.ActiveCfg = Debug|Any CPU
		{3AA1A9D1-A93A-49E7-A042-125CD41E82D0}.Debug|Any CPU.Build.0 = Debug|Any CPU
		{3AA1A9D1-A93A-49E7-A042-125CD41E82D0}.Release|Any CPU.ActiveCfg = Release|Any CPU
		{3AA1A9D1-A93A-49E7-A042-125CD41E82D0}.Release|Any CPU.Build.0 = Release|Any CPU
	EndGlobalSection
	GlobalSection(SolutionProperties) = preSolution
		HideSolutionNode = FALSE
	EndGlobalSection
	GlobalSection(ExtensibilityGlobals) = postSolution
		SolutionGuid = {D066B987-F61F-429A-9A41-51327683D21F}
	EndGlobalSection
EndGlobal
